{
    "_readme": [
        "This file locks the dependencies of your project to a known state",
        "Read more about it at https://getcomposer.org/doc/01-basic-usage.md#installing-dependencies",
        "This file is @generated automatically"
    ],
    "content-hash": "411f9a76776835e777b9fb92810837a0",
    "packages": [
        {
            "name": "activecampaign/api-php",
            "version": "v2.0.3",
            "source": {
                "type": "git",
                "url": "https://github.com/ActiveCampaign/activecampaign-api-php.git",
                "reference": "2bf5b72ba8668de8dcb27e194948028276e748c5"
            },
            "dist": {
                "type": "zip",
                "url": "https://api.github.com/repos/ActiveCampaign/activecampaign-api-php/zipball/2bf5b72ba8668de8dcb27e194948028276e748c5",
                "reference": "2bf5b72ba8668de8dcb27e194948028276e748c5",
                "shasum": ""
            },
            "require": {
                "ext-curl": "*",
                "php": ">=5.3.0"
            },
            "type": "library",
            "autoload": {
                "classmap": [
                    "includes/"
                ]
            },
            "notification-url": "https://packagist.org/downloads/",
            "license": [
                "MIT"
            ],
            "description": "Official PHP wrapper for the ActiveCampaign API.",
            "homepage": "https://github.com/ActiveCampaign/activecampaign-api-php",
            "keywords": [
                "Forms",
                "activecampaign",
                "automation",
                "email-marketing",
                "emails",
                "marketing-automation",
                "newsletter",
                "subscribe"
            ],
            "time": "2017-04-26T00:00:00+00:00"
        },
        {
            "name": "yahnis-elsts/plugin-update-checker",
            "version": "v4.10",
            "source": {
                "type": "git",
                "url": "https://github.com/YahnisElsts/plugin-update-checker.git",
                "reference": "0edd15f67822464af8a23285ce367b30d515a855"
            },
            "dist": {
                "type": "zip",
                "url": "https://api.github.com/repos/YahnisElsts/plugin-update-checker/zipball/0edd15f67822464af8a23285ce367b30d515a855",
                "reference": "0edd15f67822464af8a23285ce367b30d515a855",
                "shasum": ""
            },
            "require": {
                "ext-json": "*",
                "php": ">=5.2.0"
            },
            "type": "library",
            "autoload": {
                "files": [
                    "load-v4p10.php"
                ]
            },
            "notification-url": "https://packagist.org/downloads/",
            "license": [
                "MIT"
            ],
            "authors": [
                {
                    "name": "Yahnis Elsts",
                    "email": "whiteshadow@w-shadow.com",
                    "homepage": "http://w-shadow.com/",
                    "role": "Developer"
                }
            ],
            "description": "A custom update checker for WordPress plugins and themes. Useful if you can't host your plugin in the official WP repository but still want it to support automatic updates.",
            "homepage": "https://github.com/YahnisElsts/plugin-update-checker/",
            "keywords": [
                "automatic updates",
                "plugin updates",
                "theme updates",
                "wordpress"
            ],
            "time": "2020-08-21T11:36:45+00:00"
        }
    ],
    "packages-dev": [],
    "aliases": [],
    "minimum-stability": "stable",
    "stability-flags": [],
    "prefer-stable": false,
    "prefer-lowest": false,
    "platform": [],
    "platform-dev": [],
    "plugin-api-version": "1.1.0"
}
